{
  "version": 2,
  "dependencies": {
    "net11.0": {
      "Fluid.Core": {
        "type": "Direct",
        "requested": "[2.40.0, )",
        "resolved": "2.40.0",
        "contentHash": "bBI5NejSVAU4Ug1eSodIZXUfjtOWpSUC5pXxMW1jfdKZn3LgLZuVtBDpidl7odaVQL4oGE9nili+JFfs5q6BYQ==",
        "dependencies": {
          "Parlot": "1.5.2",
          "TimeZoneConverter": "7.2.0"
        }
      },
      "jcamp.FluentEmail.Core": {
        "type": "Direct",
        "requested": "[4.0.0, )",
        "resolved": "4.0.0",
        "contentHash": "iwRyGXCRCTtlPbJnq29lY56y3XqcHz4Z01yOlAXIQblOtkS/MYOCt6jp7RuJ8HyO60u1NFZcEQA9SjAJKVGuPw=="
      },
      "jcamp.FluentEmail.MailKit": {
        "type": "Direct",
        "requested": "[4.0.0, )",
        "resolved": "4.0.0",
        "contentHash": "ZoSWyZ2+ivgxB9qms1cc47L/LIk80R3nMnc79eAZ/gta5Zub/c/ZAG4y4k5jnpnvVaM8JBX8rTIv888X4FOw+w==",
        "dependencies": {
          "MailKit": "4.14.1",
          "jcamp.FluentEmail.Core": "4.0.0"
        }
      },
      "jcamp.FluentEmail.Smtp": {
        "type": "Direct",
        "requested": "[4.0.0, )",
        "resolved": "4.0.0",
        "contentHash": "sDkOzFtF9O0Ar4nQhaQehuS0MrhBikrcdTM9ru1HelIjI7Auy9HNXwvOMLbull9zbHv6WEdPIU46Ag7kaENQVQ==",
        "dependencies": {
          "jcamp.FluentEmail.Core": "4.0.0"
        }
      },
      "Microsoft.AspNetCore.Diagnostics.EntityFrameworkCore": {
        "type": "Direct",
        "requested": "[11.0.0-rc.1.26425.128, )",
        "resolved": "11.0.0-rc.1.26425.128",
        "contentHash": "LZk3exA1M07k3g1crKcVIJSvF56U3yijUnoK2P+Ex2Y91YRQfopismKm5jyGt02uoboxX+KfpxLJldG6/1cdNw==",
        "dependencies": {
          "Microsoft.EntityFrameworkCore.Relational": "11.0.0-rc.1.26425.128"
        }
      },
      "Microsoft.AspNetCore.Identity.EntityFrameworkCore": {
        "type": "Direct",
        "requested": "[11.0.0-rc.1.26425.128, )",
        "resolved": "11.0.0-rc.1.26425.128",
        "contentHash": "41o15JJmwkvB6w0t2uTtwAFOvIq0LwcfO6LQKJw84S9WLvgAYVRh6GAv1P946aP/UX2tPRHOrUQIpVIalXARJg==",
        "dependencies": {
          "Microsoft.EntityFrameworkCore.Relational": "11.0.0-rc.1.26425.128"
        }
      },
      "Microsoft.EntityFrameworkCore": {
        "type": "Direct",
        "requested": "[11.0.0-rc.1.26425.128, )",
        "resolved": "11.0.0-rc.1.26425.128",
        "contentHash": "nichlvtvebHy90cJoHQjTr6TvWhdxbUxK1mQac/6NJcVMz/HYRQF0ihJ1ZkE/JeKr2ys3jDjl1IdNhHiWpQ/HQ==",
        "dependencies": {
          "Microsoft.EntityFrameworkCore.Abstractions": "[11.0.0-rc.1.26425.128, 12.0.0-a)",
          "Microsoft.EntityFrameworkCore.Analyzers": "[11.0.0-rc.1.26425.128, 12.0.0-a)"
        }
      },
      "Microsoft.EntityFrameworkCore.Design": {
        "type": "Direct",
        "requested": "[11.0.0-rc.1.26425.128, )",
        "resolved": "11.0.0-rc.1.26425.128",
        "contentHash": "s6yVK+byZWXpjh4AwPoa/b6vhF0N2+d/pGkgqkB+ufMB8ygJ/CTzgm1Y3Qb8WQu18TTQjrfofqXCZSgn20CKwQ==",
        "dependencies": {
          "Humanizer.Core": "3.0.10",
          "Microsoft.Build.Framework": "18.4.0",
          "Microsoft.CodeAnalysis.CSharp": "5.3.0",
          "Microsoft.CodeAnalysis.CSharp.Workspaces": "5.3.0",
          "Microsoft.CodeAnalysis.Workspaces.MSBuild": "5.3.0",
          "Microsoft.EntityFrameworkCore.Relational": "[11.0.0-rc.1.26425.128, 12.0.0-a)",
          "Microsoft.Extensions.DependencyModel": "11.0.0-rc.1.26425.128",
          "Mono.TextTemplating": "3.0.0"
        }
      },
      "Microsoft.EntityFrameworkCore.InMemory": {
        "type": "Direct",
        "requested": "[11.0.0-rc.1.26425.128, )",
        "resolved": "11.0.0-rc.1.26425.128",
        "contentHash": "VP7+d58I4X1p2Z1L8dcuokgdt5sg5kWhzx1t9wxmUhCRF/+M7bZVfXDGcBu0nmLuc4VFXayzWWdq0tHKRYFXOg==",
        "dependencies": {
          "Microsoft.EntityFrameworkCore": "[11.0.0-rc.1.26425.128, 12.0.0-a)"
        }
      },
      "Microsoft.EntityFrameworkCore.Tools": {
        "type": "Direct",
        "requested": "[11.0.0-rc.1.26425.128, )",
        "resolved": "11.0.0-rc.1.26425.128",
        "contentHash": "jFBfV4a6RG05fQNHGXsePfQO815RBDqj1I08WWzpFtFbs6OHMa+vVYb0skBfxJHiZK2mPS4r9UFJ55tdlXbkTg=="
      },
      "Microsoft.Extensions.Diagnostics.HealthChecks.EntityFrameworkCore": {
        "type": "Direct",
        "requested": "[11.0.0-rc.1.26425.128, )",
        "resolved": "11.0.0-rc.1.26425.128",
        "contentHash": "yHw2kSYZQ01wsWdcazj9vwb72chLD/+3msxO+5nhoiG+y/9jqzKsNfuoFVg9/hQgbxFqm/+Vwn6wDT4axO24Xw==",
        "dependencies": {
          "Microsoft.EntityFrameworkCore.Relational": "11.0.0-rc.1.26425.128"
        }
      },
      "Microsoft.VisualStudio.Web.CodeGeneration.Design": {
        "type": "Direct",
        "requested": "[11.0.0-preview.1.26230.3, )",
        "resolved": "11.0.0-preview.1.26230.3",
        "contentHash": "2FoGbkz6jkrQFdWmWzAfL8QTJNPPzJIpU7iqS8eZsWXvNWdPSXwCYOiN4CYT4h0tP1shCHe4vmgYJYMd7CbIiw==",
        "dependencies": {
          "Microsoft.DotNet.Scaffolding.Shared": "11.0.0-preview.1.26230.3",
          "Microsoft.VisualStudio.Web.CodeGenerators.Mvc": "11.0.0-preview.1.26230.3"
        }
      },
      "Newtonsoft.Json": {
        "type": "Direct",
        "requested": "[13.0.4, )",
        "resolved": "13.0.4",
        "contentHash": "pdgNNMai3zv51W5aq268sujXUyx7SNdE2bj1wZcWjAQrKMFZV260lbqYop1d2GM67JI1huLRwxo9ZqnfF/lC6A=="
      },
      "Newtonsoft.Json.Schema": {
        "type": "Direct",
        "requested": "[4.0.1, )",
        "resolved": "4.0.1",
        "contentHash": "rbHUKp5WTIbqmLEeJ21nTTDGcfR0LA7bVMzm0bYc3yx6NFKiCIHzzvYbwA4Sqgs7+wNldc5nBlkbithWj8IZig==",
        "dependencies": {
          "Newtonsoft.Json": "13.0.3"
        }
      },
      "OpenTelemetry.Exporter.Console": {
        "type": "Direct",
        "requested": "[1.18.0, )",
        "resolved": "1.18.0",
        "contentHash": "OLH5WEH7fmKl8Vkg7w+x2OQySQYhLID1ulQQpn+UAVK7oCqo8Rl5IfOXuoCJ3DB7SiT9HYYpJOQgyNg+CtYCAg==",
        "dependencies": {
          "OpenTelemetry": "1.18.0"
        }
      },
      "OpenTelemetry.Extensions.Hosting": {
        "type": "Direct",
        "requested": "[1.18.0, )",
        "resolved": "1.18.0",
        "contentHash": "u+JMA82H65MKwMvd2qUpL8C2qE4Jux2nvX9hmy036UK/Apv2YyIRYCttF/vlX6nMPcAKI8BXkscmL4QG3C69fw==",
        "dependencies": {
          "OpenTelemetry": "1.18.0"
        }
      },
      "OpenTelemetry.Instrumentation.AspNetCore": {
        "type": "Direct",
        "requested": "[1.18.0, )",
        "resolved": "1.18.0",
        "contentHash": "hBiMXE/CGIAHUOpi0gScNkjHB0L9XbCin5lZObL+dMBl4OmpndnHgxP3JZDnnGtU6qOzdeh8TYUV9f6Jgmmhlw==",
        "dependencies": {
          "OpenTelemetry.Api.ProviderBuilderExtensions": "[1.18.0, 2.0.0)"
        }
      },
      "OpenTelemetry.Instrumentation.Http": {
        "type": "Direct",
        "requested": "[1.18.0, )",
        "resolved": "1.18.0",
        "contentHash": "/X57peOOa4a+9V4DSVXbuIWdsAxmU5gsxw8lu+gJU0zuewsYhC9f6qdm8GEW0VvqG9e+gxn0HdVR5G3YHcWDTw==",
        "dependencies": {
          "OpenTelemetry.Api.ProviderBuilderExtensions": "[1.18.0, 2.0.0)"
        }
      },
      "BouncyCastle.Cryptography": {
        "type": "Transitive",
        "resolved": "2.6.2",
        "contentHash": "7oWOcvnntmMKNzDLsdxAYqApt+AjpRpP2CShjMfIa3umZ42UQMvH0tl1qAliYPNYO6vTdcGMqnRrCPmsfzTI1w=="
      },
      "Humanizer.Core": {
        "type": "Transitive",
        "resolved": "3.0.10",
        "contentHash": "yZIhtw8sYuvsONzQbZxWpR60tMWYHXoo0DL6nyOqSFiU5POjBTSEyWFpTQtJEZuy+oqiYTXKXY/Mjx7KnqIQFw=="
      },
      "Microsoft.AspNetCore.Razor.Language": {
        "type": "Transitive",
        "resolved": "6.0.24",
        "contentHash": "kBL6ljTREp/3fk8EKN27mrPy3WTqWUjiqCkKFlCKHUKRO3/9rAasKizX3vPWy4ZTcNsIPmVWUHwjDFmiW4MyNA=="
      },
      "Microsoft.Build": {
        "type": "Transitive",
        "resolved": "18.3.3",
        "contentHash": "dWef7lQgBMVARPJUJoJp83Ry4A3L0Idvz+W4fpzMQ2y2Y6R4UAisMRk5eihhgZWM9Kf81KhfX6akcfgysqML6w==",
        "dependencies": {
          "Microsoft.Build.Framework": "18.3.3",
          "Microsoft.NET.StringTools": "18.3.3",
          "System.Configuration.ConfigurationManager": "9.0.11",
          "System.Reflection.MetadataLoadContext": "9.0.11",
          "System.Security.Cryptography.ProtectedData": "9.0.11"
        }
      },
      "Microsoft.Build.Framework": {
        "type": "Transitive",
        "resolved": "18.4.0",
        "contentHash": "oq6UxPfzz5S5hCC9hTRBt1r99BwEzCP/h/DadMl/m6RSGTUUXjoblsTTrokYks0SzZ2Cvx0fk4TvuEpxuXxPbw=="
      },
      "Microsoft.CodeAnalysis.Analyzers": {
        "type": "Transitive",
        "resolved": "5.3.0-2.25625.1",
        "contentHash": "4Yhh2fnu3G+J0J1lDc8WZVgMjgbynSeTfkl5IFJMFrmiIO0sc7Tjx+f3sFVV8Sd35PrIUWfof0RWc3lAMl7Azg=="
      },
      "Microsoft.CodeAnalysis.Common": {
        "type": "Transitive",
        "resolved": "5.3.0",
        "contentHash": "uC0qk3jzTQY7i90ehfnCqaOZpBUGJyPMiHJ3c0jOb8yaPBjWzIhVdNxPbeVzI74DB0C+YgBKPLqUkgFZzua5Mg==",
        "dependencies": {
          "Microsoft.CodeAnalysis.Analyzers": "5.3.0-2.25625.1"
        }
      },
      "Microsoft.CodeAnalysis.CSharp": {
        "type": "Transitive",
        "resolved": "5.3.0",
        "contentHash": "SQFNGQF4f7UfDXKxMzzGNMr3fjrPDIjLfmRvvVgDCw+dyvEHDaRfHuKA5q0Pr0/JW0Gcw89TxrxrS/MjwBvluQ==",
        "dependencies": {
          "Microsoft.CodeAnalysis.Analyzers": "5.3.0-2.25625.1",
          "Microsoft.CodeAnalysis.Common": "[5.3.0]"
        }
      },
      "Microsoft.CodeAnalysis.CSharp.Features": {
        "type": "Transitive",
        "resolved": "5.0.0",
        "contentHash": "Hbf3tvBghC+7S9+LuJXajgPVhjwdZO9+U4FPSTFuKbeLAunwpcbxZdJ+GXf7XJQ9bBJvBlzIDupHjMAgE5i1uQ==",
        "dependencies": {
          "Humanizer.Core": "2.14.1",
          "Microsoft.CodeAnalysis.Analyzers": "3.11.0",
          "Microsoft.CodeAnalysis.CSharp": "[5.0.0]",
          "Microsoft.CodeAnalysis.CSharp.Workspaces": "[5.0.0]",
          "Microsoft.CodeAnalysis.Common": "[5.0.0]",
          "Microsoft.CodeAnalysis.Elfie": "1.0.0",
          "Microsoft.CodeAnalysis.Features": "[5.0.0]",
          "Microsoft.CodeAnalysis.Workspaces.Common": "[5.0.0]",
          "Microsoft.DiaSymReader": "2.0.0",
          "System.Composition": "9.0.0",
          "System.Configuration.ConfigurationManager": "9.0.0",
          "System.Security.Cryptography.ProtectedData": "9.0.0"
        }
      },
      "Microsoft.CodeAnalysis.CSharp.Workspaces": {
        "type": "Transitive",
        "resolved": "5.3.0",
        "contentHash": "mRwxchBs3ewXK4dqK4R/eVCx99VIq1k/lhwArlu+fJuV0uzmbkTTRw4jR9gN9sOcAQfX0uV9KQlmCk1yC0JNog==",
        "dependencies": {
          "Humanizer.Core": "2.14.1",
          "Microsoft.CodeAnalysis.Analyzers": "5.3.0-2.25625.1",
          "Microsoft.CodeAnalysis.CSharp": "[5.3.0]",
          "Microsoft.CodeAnalysis.Common": "[5.3.0]",
          "Microsoft.CodeAnalysis.Workspaces.Common": "[5.3.0]",
          "System.Composition": "9.0.0"
        }
      },
      "Microsoft.CodeAnalysis.Elfie": {
        "type": "Transitive",
        "resolved": "1.0.0",
        "contentHash": "r12elUp4MRjdnRfxEP+xqVSUUfG3yIJTBEJGwbfvF5oU4m0jb9HC0gFG28V/dAkYGMkRmHVi3qvrnBLQSw9X3Q==",
        "dependencies": {
          "System.Configuration.ConfigurationManager": "4.5.0"
        }
      },
      "Microsoft.CodeAnalysis.Features": {
        "type": "Transitive",
        "resolved": "5.0.0",
        "contentHash": "2SFKBDQFHiqwUS4JncpuXyNDhlo8x4EHLCE6IIb22ZfPxFRd1baLP9PA9WY4xJVdmxgHOok7XngDdIY2MZ69JQ==",
        "dependencies": {
          "Humanizer.Core": "2.14.1",
          "Microsoft.CodeAnalysis.Analyzers": "3.11.0",
          "Microsoft.CodeAnalysis.Common": "[5.0.0]",
          "Microsoft.CodeAnalysis.Elfie": "1.0.0",
          "Microsoft.CodeAnalysis.Scripting.Common": "[5.0.0]",
          "Microsoft.CodeAnalysis.Workspaces.Common": "[5.0.0]",
          "Microsoft.DiaSymReader": "2.0.0",
          "System.Composition": "9.0.0",
          "System.Configuration.ConfigurationManager": "9.0.0",
          "System.Security.Cryptography.ProtectedData": "9.0.0"
        }
      },
      "Microsoft.CodeAnalysis.Razor": {
        "type": "Transitive",
        "resolved": "6.0.24",
        "contentHash": "xIAjR6l/1PO2ILT6/lOGYfe8OzMqfqxh1lxFuM4Exluwc2sQhJw0kS7pEyJ0DE/UMYu6Jcdc53DmjOxQUDT2Pg==",
        "dependencies": {
          "Microsoft.AspNetCore.Razor.Language": "6.0.24",
          "Microsoft.CodeAnalysis.CSharp": "4.0.0",
          "Microsoft.CodeAnalysis.Common": "4.0.0"
        }
      },
      "Microsoft.CodeAnalysis.Scripting.Common": {
        "type": "Transitive",
        "resolved": "5.0.0",
        "contentHash": "XTulByMNxqXGCgMeODUoG2h4oK4/nLv1BcawRVcjv+UZHMpoaymtdaq3cJqlNrEvYEcbU48g5swJ3RhY1m3fBg==",
        "dependencies": {
          "Microsoft.CodeAnalysis.Analyzers": "3.11.0",
          "Microsoft.CodeAnalysis.Common": "[5.0.0]"
        }
      },
      "Microsoft.CodeAnalysis.Workspaces.Common": {
        "type": "Transitive",
        "resolved": "5.3.0",
        "contentHash": "QSf1ge9A+XFZbGL+gIqXYBIKlm8QdQVLvHDPZiydG11W6mJY7XBMusrsgIEz6L8GYMzGJKTM78m9icliGMF7NA==",
        "dependencies": {
          "Humanizer.Core": "2.14.1",
          "Microsoft.CodeAnalysis.Analyzers": "5.3.0-2.25625.1",
          "Microsoft.CodeAnalysis.Common": "[5.3.0]",
          "System.Composition": "9.0.0"
        }
      },
      "Microsoft.CodeAnalysis.Workspaces.MSBuild": {
        "type": "Transitive",
        "resolved": "5.3.0",
        "contentHash": "2Mg/ppo5dza1e4DJWX4+RIHMc3FgnYzuHTaLRZDupiK1LTi/PAZ1PBpF/iivHVNKQKwipHE984gy37MbM0RO9Q==",
        "dependencies": {
          "Humanizer.Core": "2.14.1",
          "Microsoft.Build.Framework": "17.11.48",
          "Microsoft.CodeAnalysis.Analyzers": "5.3.0-2.25625.1",
          "Microsoft.CodeAnalysis.Workspaces.Common": "[5.3.0]",
          "Microsoft.VisualStudio.SolutionPersistence": "1.0.52",
          "System.Composition": "9.0.0"
        }
      },
      "Microsoft.DiaSymReader": {
        "type": "Transitive",
        "resolved": "2.0.0",
        "contentHash": "QcZrCETsBJqy/vQpFtJc+jSXQ0K5sucQ6NUFbTNVHD4vfZZOwjZ/3sBzczkC4DityhD3AVO/+K/+9ioLs1AgRA=="
      },
      "Microsoft.DotNet.Scaffolding.Shared": {
        "type": "Transitive",
        "resolved": "11.0.0-preview.1.26230.3",
        "contentHash": "o3PfC19EKgRkNqeNT8dVPUjSW/BDgT638w6rS2HrsA7/ZIw+cP+MCunJDWLT50PbwTO23lSFqTXqetiJxQqEzg==",
        "dependencies": {
          "Humanizer.Core": "3.0.1",
          "Microsoft.CodeAnalysis.CSharp": "5.0.0",
          "Microsoft.CodeAnalysis.CSharp.Features": "5.0.0",
          "Microsoft.CodeAnalysis.CSharp.Workspaces": "5.0.0",
          "Microsoft.CodeAnalysis.Common": "5.0.0",
          "Microsoft.CodeAnalysis.Features": "5.0.0",
          "Microsoft.CodeAnalysis.Workspaces.Common": "5.0.0",
          "Microsoft.Extensions.DependencyModel": "11.0.0-preview.1.26104.118",
          "Mono.TextTemplating": "3.0.0",
          "Newtonsoft.Json": "13.0.3",
          "NuGet.Packaging": "7.3.1",
          "NuGet.ProjectModel": "7.3.1",
          "System.Security.Cryptography.ProtectedData": "9.0.11"
        }
      },
      "Microsoft.EntityFrameworkCore.Abstractions": {
        "type": "Transitive",
        "resolved": "11.0.0-rc.1.26425.128",
        "contentHash": "WFsX+C+h2e/BKr//Cv9c82+zPweVUQN/dWXJiW8KvXwhkpJXB5tj3E3vgDmjX0nHbVnrrnE9G7iJlMSf0l2VoQ=="
      },
      "Microsoft.EntityFrameworkCore.Analyzers": {
        "type": "Transitive",
        "resolved": "11.0.0-rc.1.26425.128",
        "contentHash": "EC8SOxAcKbRGToF7MpHr0zPZ2QSZ3mkHuqI+rxu3ITz19ctvep0dzaHPN3F/JQ1vVQBbMr7gN0a9KxMqDhRcoQ=="
      },
      "Microsoft.Extensions.DependencyModel": {
        "type": "Transitive",
        "resolved": "11.0.0-rc.1.26425.128",
        "contentHash": "Vp6l7w5Q4M8z3DCzHuu/KFtwjt7zI5fMm1/QdXk72c/nnSSp7ws7pR3Ls8b5qGaGeUjU0MigDFebn0FUDEk8nQ=="
      },
      "Microsoft.NET.StringTools": {
        "type": "Transitive",
        "resolved": "18.3.3",
        "contentHash": "y1qPJA/B7i+IGpS9yCBw64kOaDIC5x1pGIqKdcKfasj7kwRIWxbAoPCxRWLlP2p0ovLgLXae46KCEf3F+oMGyA=="
      },
      "Microsoft.VisualStudio.SolutionPersistence": {
        "type": "Transitive",
        "resolved": "1.0.52",
        "contentHash": "oNv2JtYXhpdJrX63nibx1JT3uCESOBQ1LAk7Dtz/sr0+laW0KRM6eKp4CZ3MHDR2siIkKsY8MmUkeP5DKkQQ5w=="
      },
      "Microsoft.VisualStudio.Web.CodeGeneration": {
        "type": "Transitive",
        "resolved": "11.0.0-preview.1.26230.3",
        "contentHash": "+n50XeAwa82evQq1xbVYohhWsSIBsVpm4QgwZHTrB7aBJ9hsHMfOGClp2KPVA7ITmU8iMo/5GISmWIJGjmQT+w==",
        "dependencies": {
          "Microsoft.VisualStudio.Web.CodeGeneration.EntityFrameworkCore": "11.0.0-preview.1.26230.3"
        }
      },
      "Microsoft.VisualStudio.Web.CodeGeneration.Core": {
        "type": "Transitive",
        "resolved": "11.0.0-preview.1.26230.3",
        "contentHash": "B3/ECuQJ+nu3N4TJEBDxLfj47h4pcU5KUYS2OLbS/cFsharnNAZlCyIjVrmcUmvTqOCiDGmY98CvJmUhI41VZg==",
        "dependencies": {
          "Microsoft.VisualStudio.Web.CodeGeneration.Templating": "11.0.0-preview.1.26230.3",
          "Newtonsoft.Json": "13.0.3"
        }
      },
      "Microsoft.VisualStudio.Web.CodeGeneration.EntityFrameworkCore": {
        "type": "Transitive",
        "resolved": "11.0.0-preview.1.26230.3",
        "contentHash": "aB8pEDtMWZLJ5Zd3KBUdq2fpII0Io0gHhb+t51/QXTec+bLgl6+js82BVgC5oTQxTASu2x8aSinJ4EOpRSx3Pw==",
        "dependencies": {
          "Microsoft.DotNet.Scaffolding.Shared": "11.0.0-preview.1.26230.3",
          "Microsoft.EntityFrameworkCore.Design": "11.0.0-preview.1.26104.118",
          "Microsoft.VisualStudio.Web.CodeGeneration.Core": "11.0.0-preview.1.26230.3"
        }
      },
      "Microsoft.VisualStudio.Web.CodeGeneration.Templating": {
        "type": "Transitive",
        "resolved": "11.0.0-preview.1.26230.3",
        "contentHash": "ep2dPPt19GbIo9oPr/5lLDKQKNSuW5pxB+HRjH3VZVSFb/4DqXTQCbeyRBzMOb/MG8ujypseGIwwMUc0zNFKkg==",
        "dependencies": {
          "Microsoft.AspNetCore.Razor.Language": "6.0.24",
          "Microsoft.CodeAnalysis.CSharp": "5.0.0",
          "Microsoft.CodeAnalysis.Razor": "6.0.24",
          "Microsoft.VisualStudio.Web.CodeGeneration.Utils": "11.0.0-preview.1.26230.3"
        }
      },
      "Microsoft.VisualStudio.Web.CodeGeneration.Utils": {
        "type": "Transitive",
        "resolved": "11.0.0-preview.1.26230.3",
        "contentHash": "miTveuPyVKbiLl9HwAttpkTAPrOfBhG7aO6JBKvZr7R6C5rXNa+6f+jfcs+ULHUhw81xOvO6WOybkVBh9kzelg==",
        "dependencies": {
          "Microsoft.Build": "18.3.3",
          "Microsoft.CodeAnalysis.CSharp.Workspaces": "5.0.0",
          "Microsoft.CodeAnalysis.Workspaces.MSBuild": "5.0.0",
          "Microsoft.DotNet.Scaffolding.Shared": "11.0.0-preview.1.26230.3",
          "Newtonsoft.Json": "13.0.3"
        }
      },
      "Microsoft.VisualStudio.Web.CodeGenerators.Mvc": {
        "type": "Transitive",
        "resolved": "11.0.0-preview.1.26230.3",
        "contentHash": "Q+dAUCtgBlhI2Uk2F0gsfStd30VaDb7pSQ1fEM5reNDefXbWJIb45/vxk1mQ0cHbNIYowFg8IQzH06q2yFwMYw==",
        "dependencies": {
          "Microsoft.DotNet.Scaffolding.Shared": "11.0.0-preview.1.26230.3",
          "Microsoft.VisualStudio.Web.CodeGeneration": "11.0.0-preview.1.26230.3"
        }
      },
      "Mono.TextTemplating": {
        "type": "Transitive",
        "resolved": "3.0.0",
        "contentHash": "YqueG52R/Xej4VVbKuRIodjiAhV0HR/XVbLbNrJhCZnzjnSjgMJ/dCdV0akQQxavX6hp/LC6rqLGLcXeQYU7XA==",
        "dependencies": {
          "System.CodeDom": "6.0.0"
        }
      },
      "NuGet.Common": {
        "type": "Transitive",
        "resolved": "7.9.0",
        "contentHash": "OWFEzHpwvgzSaHYmWzfbyTm6oBOy/BFSFEDk73zM9jiJaxdopYZ/DrqIQogaM3F+ZGTppBJffmzu5adetEI/YA==",
        "dependencies": {
          "NuGet.Frameworks": "7.9.0"
        }
      },
      "NuGet.Configuration": {
        "type": "Transitive",
        "resolved": "7.9.0",
        "contentHash": "oY9XZp+TWjOmiGmU4R4JWBRY3F4TAVo7tqPr/z7MOsFcEpdYHMryjNSscoLBxUTR3WmFmYgO0Gvu4eRbz6pzOg==",
        "dependencies": {
          "NuGet.Common": "7.9.0",
          "System.Security.Cryptography.ProtectedData": "8.0.0"
        }
      },
      "NuGet.DependencyResolver.Core": {
        "type": "Transitive",
        "resolved": "7.3.1",
        "contentHash": "uGvdZ5cAW3gInhg135oLPxWjJQdoIrF9CrFY05IB2n/O71hZuMtxVAN7ikDR2PK/h1jBsixF7iQpXxB4USfqKA==",
        "dependencies": {
          "NuGet.Configuration": "7.3.1",
          "NuGet.LibraryModel": "7.3.1",
          "NuGet.Protocol": "7.3.1"
        }
      },
      "NuGet.Frameworks": {
        "type": "Transitive",
        "resolved": "7.9.0",
        "contentHash": "w2adPmgUafmW9ON1MzDjuHmViN0vtiPV48Dz3OE6px8BiGSqrnWHOjwFEPOEPAZx20J1c7bxp90Hxo9l4xGWtw=="
      },
      "NuGet.LibraryModel": {
        "type": "Transitive",
        "resolved": "7.3.1",
        "contentHash": "LdE3to4vkvOFAYtR0b0CeN/kUaeQ9089lrNvhkNdNqykH32UEWTGF62+QPzUm4+VnCtTQfH/Omey8oPqr0nTPg==",
        "dependencies": {
          "NuGet.Common": "7.3.1",
          "NuGet.Versioning": "7.3.1"
        }
      },
      "NuGet.ProjectModel": {
        "type": "Transitive",
        "resolved": "7.3.1",
        "contentHash": "trlYZ5QO+qU1dNs/FSwTqKlT40DuCDIXjRhV8t//vB/GGPsJJphLZJEMFy07necKwxd4rIWVMnc9Eik7Hl9KJw==",
        "dependencies": {
          "NuGet.DependencyResolver.Core": "7.3.1"
        }
      },
      "NuGet.Protocol": {
        "type": "Transitive",
        "resolved": "7.3.1",
        "contentHash": "vYd5vtCJ/tpMQjbAs6rrftNgeh5Ip1w7tnEsDZCpGObKgUgOxHQBekCul3TnzmbNgobvJEkDJNaec5/ZBv66Hg==",
        "dependencies": {
          "NuGet.Packaging": "7.3.1"
        }
      },
      "NuGet.Versioning": {
        "type": "Transitive",
        "resolved": "7.9.0",
        "contentHash": "r4sZuVpVqwSBLe4qYDrnpScqdyctlRXg0HSF5OoCGkeBc8b+o8BBYHuI/u1RoWYX78PbieijU13TBt71/Xf3lw=="
      },
      "OpenTelemetry": {
        "type": "Transitive",
        "resolved": "1.18.0",
        "contentHash": "13AKxycK+olOLe061MjliPTNBR/DUkjyRr0b9zwUhKyMjFS8lXS7G31R85rkbM55up2YFmdykWdAw2giBDJpiQ==",
        "dependencies": {
          "OpenTelemetry.Api.ProviderBuilderExtensions": "1.18.0"
        }
      },
      "OpenTelemetry.Api": {
        "type": "Transitive",
        "resolved": "1.18.0",
        "contentHash": "Dhzm5oughIY9EWckt2J1yXcEbXpki5WCL2q7prJoYxzH6C7jdkfGtPMTkUVZZ4AhjJKzQnlC+kLSIlmIVwC4Vw=="
      },
      "OpenTelemetry.Api.ProviderBuilderExtensions": {
        "type": "Transitive",
        "resolved": "1.18.0",
        "contentHash": "io6A6PJFp3vIObRGf6oPjdHsdglkinXt/0SpTDJHrVnsLxUtOzwh/QwTsnhBJ43wJ6QcGMkyNzsSSY8XEB1Q5Q==",
        "dependencies": {
          "OpenTelemetry.Api": "1.18.0"
        }
      },
      "Parlot": {
        "type": "Transitive",
        "resolved": "1.5.2",
        "contentHash": "idEOR6WU8WvnaDhFcj9PkWv8r/Actca8KfV9kw94//QEC0iQJVB9w/Z4ZLY8LxwSVMuNPuuLB649kCcVb+HrLw=="
      },
      "System.CodeDom": {
        "type": "Transitive",
        "resolved": "6.0.0",
        "contentHash": "CPc6tWO1LAer3IzfZufDBRL+UZQcj5uS207NHALQzP84Vp/z6wF0Aa0YZImOQY8iStY0A2zI/e3ihKNPfUm8XA=="
      },
      "System.Composition": {
        "type": "Transitive",
        "resolved": "9.0.0",
        "contentHash": "3Djj70fFTraOarSKmRnmRy/zm4YurICm+kiCtI0dYRqGJnLX6nJ+G3WYuFJ173cAPax/gh96REcbNiVqcrypFQ==",
        "dependencies": {
          "System.Composition.AttributedModel": "9.0.0",
          "System.Composition.Convention": "9.0.0",
          "System.Composition.Hosting": "9.0.0",
          "System.Composition.Runtime": "9.0.0",
          "System.Composition.TypedParts": "9.0.0"
        }
      },
      "System.Composition.AttributedModel": {
        "type": "Transitive",
        "resolved": "9.0.0",
        "contentHash": "iri00l/zIX9g4lHMY+Nz0qV1n40+jFYAmgsaiNn16xvt2RDwlqByNG4wgblagnDYxm3YSQQ0jLlC/7Xlk9CzyA=="
      },
      "System.Composition.Convention": {
        "type": "Transitive",
        "resolved": "9.0.0",
        "contentHash": "+vuqVP6xpi582XIjJi6OCsIxuoTZfR0M7WWufk3uGDeCl3wGW6KnpylUJ3iiXdPByPE0vR5TjJgR6hDLez4FQg==",
        "dependencies": {
          "System.Composition.AttributedModel": "9.0.0"
        }
      },
      "System.Composition.Hosting": {
        "type": "Transitive",
        "resolved": "9.0.0",
        "contentHash": "OFqSeFeJYr7kHxDfaViGM1ymk7d4JxK//VSoNF9Ux0gpqkLsauDZpu89kTHHNdCWfSljbFcvAafGyBoY094btQ==",
        "dependencies": {
          "System.Composition.Runtime": "9.0.0"
        }
      },
      "System.Composition.Runtime": {
        "type": "Transitive",
        "resolved": "9.0.0",
        "contentHash": "w1HOlQY1zsOWYussjFGZCEYF2UZXgvoYnS94NIu2CBnAGMbXFAX8PY8c92KwUItPmowal68jnVLBCzdrWLeEKA=="
      },
      "System.Composition.TypedParts": {
        "type": "Transitive",
        "resolved": "9.0.0",
        "contentHash": "aRZlojCCGEHDKqh43jaDgaVpYETsgd7Nx4g1zwLKMtv4iTo0627715ajEFNpEEBTgLmvZuv8K0EVxc3sM4NWJA==",
        "dependencies": {
          "System.Composition.AttributedModel": "9.0.0",
          "System.Composition.Hosting": "9.0.0",
          "System.Composition.Runtime": "9.0.0"
        }
      },
      "System.Configuration.ConfigurationManager": {
        "type": "Transitive",
        "resolved": "9.0.11",
        "contentHash": "vPinosRgEk1CGjohbv0pDuz6gPprkWo5xvBTjOJjks5JOgOEWvPndq5NngGxiTcBcy1+k9GwzZ1c3Bp2fU5ezw==",
        "dependencies": {
          "System.Security.Cryptography.ProtectedData": "9.0.11"
        }
      },
      "System.Reflection.MetadataLoadContext": {
        "type": "Transitive",
        "resolved": "9.0.11",
        "contentHash": "e1VyD3dnov4F7vIxyZrY93d5G3n7gXqIAs+ItXjleLLoxpUip9o7OAuZuR8YdTB8b5CESr1nCjREhrkzoLXDog=="
      },
      "System.Security.Cryptography.ProtectedData": {
        "type": "Transitive",
        "resolved": "9.0.11",
        "contentHash": "s8yUYuYYu+PAwvBdhLG1KyrGrk9gkYeuPxfAsXsTqqWyepwSyEw8hAaflW4nO98NG52YpYI1am2+9o+79h2RtQ=="
      },
      "TimeZoneConverter": {
        "type": "Transitive",
        "resolved": "7.2.0",
        "contentHash": "4Poqu79dTmacVETqUJ53g3x4U21V/cmWPSlehdsVE4Q00akavvlRq+SRjcg/CmfO9ibOCjRl6TeUV7hkC5RC4w=="
      },
      "albuskavaliro.tempmaise.mailer": {
        "type": "Project",
        "dependencies": {
          "AlbusKavaliro.TempMaiSe.Models": "[3.1.4, )",
          "Fluid.Core": "[2.40.0, )",
          "Microsoft.FeatureManagement": "[4.7.0, )",
          "Newtonsoft.Json": "[13.0.4, )",
          "Newtonsoft.Json.Schema": "[4.0.1, )",
          "jcamp.FluentEmail.Core": "[4.0.0, )"
        }
      },
      "albuskavaliro.tempmaise.models": {
        "type": "Project"
      },
      "MailKit": {
        "type": "CentralTransitive",
        "requested": "[4.17.0, )",
        "resolved": "4.17.0",
        "contentHash": "1nUAVLxM9fhT/78we6/AGsCesnpn5dRNLLeRqOfr52Wnk87pzVwo5YMTMyqnmoXrYc7piGhmayiMA/OgDluIjg==",
        "dependencies": {
          "MimeKit": "4.17.0"
        }
      },
      "Microsoft.EntityFrameworkCore.Relational": {
        "type": "CentralTransitive",
        "requested": "[11.0.0-rc.1.26425.128, )",
        "resolved": "11.0.0-rc.1.26425.128",
        "contentHash": "JOxKBGYUg8aj/flaHdvhkqsRO5iKKiROMjVt+25BzVvSzMb/y1SnuvlGnsDFjtTI9qlZ0+TLsmNe1WDKxBkUMw==",
        "dependencies": {
          "Microsoft.EntityFrameworkCore": "[11.0.0-rc.1.26425.128, 12.0.0-a)"
        }
      },
      "Microsoft.FeatureManagement": {
        "type": "CentralTransitive",
        "requested": "[4.7.0, )",
        "resolved": "4.7.0",
        "contentHash": "f+XutOuZZLNq6OJV8z7nys+k89W3PUsoJJgrbYTXd20GvDyJfQ9A8o2MSU8FZT7DY6jQOq3I4KO/+NHsXHdACw=="
      },
      "MimeKit": {
        "type": "CentralTransitive",
        "requested": "[4.17.0, )",
        "resolved": "4.17.0",
        "contentHash": "h/KXsCreJf8RpR/PSAtlbvYtZFndp9N8Wn1Bs248AL7ITyhn+AiIY5bLTvt60tbN2mu6g8KadtBNWygTji2lqg==",
        "dependencies": {
          "BouncyCastle.Cryptography": "2.6.2"
        }
      },
      "NuGet.Packaging": {
        "type": "CentralTransitive",
        "requested": "[7.9.0, )",
        "resolved": "7.9.0",
        "contentHash": "Q2jxuud5kJLV0rUzsC02iC5ts8QsQu9UVyMvF8lULY3TwHL/W/PrnQ9bQFvMR7jJkzF1uilRPI1o+7VOtc2XMg==",
        "dependencies": {
          "Newtonsoft.Json": "13.0.3",
          "NuGet.Configuration": "7.9.0",
          "NuGet.Versioning": "7.9.0"
        }
      }
    }
  }
}