{
  "version": 2,
  "dependencies": {
    "net10.0": {
      "coverlet.MTP": {
        "type": "Direct",
        "requested": "[10.0.1, )",
        "resolved": "10.0.1",
        "contentHash": "VR4/Y0Arr8cdIKhYE5dZCI2XU1ShCHZEAgm+LjokTThl1vzy9scqq8NDLETok5AchMTtsUQqcAU81N1cgHUclg==",
        "dependencies": {
          "Microsoft.Testing.Platform": "2.2.2"
        }
      },
      "Microsoft.AspNetCore.Mvc.Testing": {
        "type": "Direct",
        "requested": "[10.0.8, )",
        "resolved": "10.0.8",
        "contentHash": "C9kMpUciPgx7ObqoO6W+eXEf3zHFWb7XpQgFJBzdO8GsmmVYrgcErTLMuki6e3EihycGpHbcJECYHDgM7XRMkg==",
        "dependencies": {
          "Microsoft.AspNetCore.TestHost": "10.0.8",
          "Microsoft.Extensions.DependencyModel": "10.0.8"
        }
      },
      "Microsoft.EntityFrameworkCore.InMemory": {
        "type": "Direct",
        "requested": "[10.0.8, )",
        "resolved": "10.0.8",
        "contentHash": "C3T9khx1oiLPrS6ehoSnZptiEuTOIaX60it9SGvCkWTeF5i6+IceK6p7mtx+mkFwWB5qx+v3IhgG51iUEtLq9w==",
        "dependencies": {
          "Microsoft.EntityFrameworkCore": "10.0.8"
        }
      },
      "Microsoft.NET.Test.Sdk": {
        "type": "Direct",
        "requested": "[18.5.1, )",
        "resolved": "18.5.1",
        "contentHash": "SfqVaLiIqAbRWuPg5BP4QFwBIirQj/YIL8Dhxl6zntBKbXp0cQykoV480SmwG+yRMiWptxEI6NbHQuGSZ8b97w==",
        "dependencies": {
          "Microsoft.CodeCoverage": "18.5.1",
          "Microsoft.TestPlatform.TestHost": "18.5.1"
        }
      },
      "Moq": {
        "type": "Direct",
        "requested": "[4.20.72, )",
        "resolved": "4.20.72",
        "contentHash": "EA55cjyNn8eTNWrgrdZJH5QLFp2L43oxl1tlkoYUKIE9pRwL784OWiTXeCV5ApS+AMYEAlt7Fo03A2XfouvHmQ==",
        "dependencies": {
          "Castle.Core": "5.1.1"
        }
      },
      "Testcontainers.Papercut": {
        "type": "Direct",
        "requested": "[4.11.0, )",
        "resolved": "4.11.0",
        "contentHash": "I0LM0w37+yUzPrJxbrZyxbtMY0hglIxtGJWDZroG8+riYE0BsIW1+xYGmHdMNsFTPv+HB16aglYUbL/xYTmy1Q==",
        "dependencies": {
          "Testcontainers": "4.11.0"
        }
      },
      "xunit.runner.visualstudio": {
        "type": "Direct",
        "requested": "[3.1.5, )",
        "resolved": "3.1.5",
        "contentHash": "tKi7dSTwP4m5m9eXPM2Ime4Kn7xNf4x4zT9sdLO/G4hZVnQCRiMTWoSZqI/pYTVeI27oPPqHBKYI/DjJ9GsYgA=="
      },
      "xunit.v3.mtp-v2": {
        "type": "Direct",
        "requested": "[3.2.2, )",
        "resolved": "3.2.2",
        "contentHash": "S0LJpeMIMrmbVLXDCvPVX47OLk28qBYfGU+5SNCbarOEdw8oKLfiVqaACwuYRvLiOqDEB/+VJ8gTSB1ZwheoOQ==",
        "dependencies": {
          "xunit.analyzers": "1.27.0",
          "xunit.v3.assert": "[3.2.2]",
          "xunit.v3.core.mtp-v2": "[3.2.2]"
        }
      },
      "BouncyCastle.Cryptography": {
        "type": "Transitive",
        "resolved": "2.6.2",
        "contentHash": "7oWOcvnntmMKNzDLsdxAYqApt+AjpRpP2CShjMfIa3umZ42UQMvH0tl1qAliYPNYO6vTdcGMqnRrCPmsfzTI1w=="
      },
      "Castle.Core": {
        "type": "Transitive",
        "resolved": "5.1.1",
        "contentHash": "rpYtIczkzGpf+EkZgDr9CClTdemhsrwA/W5hMoPjLkRFnXzH44zDLoovXeKtmxb1ykXK9aJVODSpiJml8CTw2g=="
      },
      "Docker.DotNet.Enhanced": {
        "type": "Transitive",
        "resolved": "3.131.1",
        "contentHash": "hGLHCNUsQbT2Ab/HUznRnNqYZQs40zInXa3eLwYjeNyfUYbw1pqqDGqcOLl5uGepS8IuigEYakEdAcVT/2ezYg=="
      },
      "Docker.DotNet.Enhanced.X509": {
        "type": "Transitive",
        "resolved": "3.131.1",
        "contentHash": "8FU7zmttFQzp0xb0EPupxQ0nGtC2cTpukgh3jMxMT8luj5TSDyzIKTnroDpXCjpg9P2fV+6JIvC+IetsMEfyBA==",
        "dependencies": {
          "Docker.DotNet.Enhanced": "3.131.1"
        }
      },
      "Microsoft.ApplicationInsights": {
        "type": "Transitive",
        "resolved": "2.23.0",
        "contentHash": "nWArUZTdU7iqZLycLKWe0TDms48KKGE6pONH2terYNa8REXiqixrMOkf1sk5DHGMaUTqONU2YkS4SAXBhLStgw=="
      },
      "Microsoft.AspNetCore.TestHost": {
        "type": "Transitive",
        "resolved": "10.0.8",
        "contentHash": "HRH/XAke90wkHv9ykCsrvpVqvKOUt53jQzvHHIXrPIPZWAjyPq6B5/InCmPYWvme+WKMXD10rplMAitzNMtC3w=="
      },
      "Microsoft.Bcl.AsyncInterfaces": {
        "type": "Transitive",
        "resolved": "6.0.0",
        "contentHash": "UcSjPsst+DfAdJGVDsu346FX0ci0ah+lw3WRtn18NUwEqRt70HaOQ7lI72vy3+1LxtqI3T5GWwV39rQSrCzAeg=="
      },
      "Microsoft.CodeCoverage": {
        "type": "Transitive",
        "resolved": "18.5.1",
        "contentHash": "vMFDR1ZjqzzgKmM0zrPie7Gv9Y+ZppjODB5Quzu9Eq0TlIusUfUCYFPEawO91zQuqwzvdFbJSU7WHNtjStffJQ=="
      },
      "Microsoft.EntityFrameworkCore.Abstractions": {
        "type": "Transitive",
        "resolved": "10.0.8",
        "contentHash": "jbKDXWPZQhuPHygMnwzNOqxBADVcpRVytcKYZsA++QqhPkpF93Ta8o5mbJQGrARSjlkr9WtOaADV97EDMOZ7DA=="
      },
      "Microsoft.EntityFrameworkCore.Analyzers": {
        "type": "Transitive",
        "resolved": "10.0.8",
        "contentHash": "M3BZ8JH8rB6BE7dO2g9iVbrHLnEz9wMXT6q+tDR6Nq3gyP3KmBj5OTiZGxyF3vesjOQNKanYoPGSNBR4kR2llg=="
      },
      "Microsoft.Extensions.DependencyModel": {
        "type": "Transitive",
        "resolved": "10.0.8",
        "contentHash": "vLyZVpxmduO2jx+76ggqnsA3m81kwMY3NkWciNTj5E+Nvqb0VihqCvQP89QsGONWp0AJwMZG+u9GzaCjDdFGNw=="
      },
      "Microsoft.Testing.Extensions.Telemetry": {
        "type": "Transitive",
        "resolved": "2.0.2",
        "contentHash": "H580BvHyuADoWzlH9zRk5fqVyGucm6mhph+k40CQc9O4ie+Buxa4Pk9Q92BEClqIICqi25J7fuMII9qFYYgKtw==",
        "dependencies": {
          "Microsoft.ApplicationInsights": "2.23.0",
          "Microsoft.Testing.Platform": "2.0.2"
        }
      },
      "Microsoft.Testing.Extensions.TrxReport.Abstractions": {
        "type": "Transitive",
        "resolved": "2.0.2",
        "contentHash": "MrHYdPZ1CiyYp5bfjzNSghfVwl/I9osMazcZMAbwZY0BhR32i70YLf4zSXECvU2qt2PvDdrjYpGRgBscFbjDpw==",
        "dependencies": {
          "Microsoft.Testing.Platform": "2.0.2"
        }
      },
      "Microsoft.Testing.Platform": {
        "type": "Transitive",
        "resolved": "2.2.2",
        "contentHash": "9mUsTOri0aVqBX7/EJwqVJxVwdOzGUVJqK1H2EMfIl9xxJuSdqhfAlJbukl/iNugvi4+cmQs/LI8PLTDUT9P1A=="
      },
      "Microsoft.Testing.Platform.MSBuild": {
        "type": "Transitive",
        "resolved": "2.0.2",
        "contentHash": "2zKkQKaUoaKgb/3AekboWOdLMh4upCo1nLWQnjGzp8r9YjiNOZRrzTsJQ3A4U03AcbH0evlIvFDKYSUqmTVuug==",
        "dependencies": {
          "Microsoft.Testing.Platform": "2.0.2"
        }
      },
      "Microsoft.TestPlatform.ObjectModel": {
        "type": "Transitive",
        "resolved": "18.5.1",
        "contentHash": "KNZd+M0S0rz5eNAln0pbZX+A/RbokYZCbGKx4fN4CkhtWhkz6nSJDO+9LGYjRE4d0WPVriJ2JnVubkjt3+PpMg=="
      },
      "Microsoft.TestPlatform.TestHost": {
        "type": "Transitive",
        "resolved": "18.5.1",
        "contentHash": "RM+3JNHEoHOCFXzVntUcIiYxzPjzBN0N8wto6HYXi76YyBTZ/3CeRL8U+Pk5zx3AUrOmHxDvKJwGUCdElU9bJg==",
        "dependencies": {
          "Microsoft.TestPlatform.ObjectModel": "18.5.1",
          "Newtonsoft.Json": "13.0.3"
        }
      },
      "Microsoft.Win32.Registry": {
        "type": "Transitive",
        "resolved": "5.0.0",
        "contentHash": "dDoKi0PnDz31yAyETfRntsLArTlVAVzUzCIvvEDsDsucrl33Dl8pIJG06ePTJTI3tGpeyHS9Cq7Foc/s4EeKcg=="
      },
      "Parlot": {
        "type": "Transitive",
        "resolved": "1.5.2",
        "contentHash": "idEOR6WU8WvnaDhFcj9PkWv8r/Actca8KfV9kw94//QEC0iQJVB9w/Z4ZLY8LxwSVMuNPuuLB649kCcVb+HrLw=="
      },
      "SharpZipLib": {
        "type": "Transitive",
        "resolved": "1.4.2",
        "contentHash": "yjj+3zgz8zgXpiiC3ZdF/iyTBbz2fFvMxZFEBPUcwZjIvXOf37Ylm+K58hqMfIBt5JgU/Z2uoUS67JmTLe973A=="
      },
      "SSH.NET": {
        "type": "Transitive",
        "resolved": "2025.1.0",
        "contentHash": "jrnbtf0ItVaXAe6jE8X/kSLa6uC+0C+7W1vepcnRQB/rD88qy4IxG7Lf1FIbWmkoc4iVXv0pKrz+Wc6J4ngmHw==",
        "dependencies": {
          "BouncyCastle.Cryptography": "2.6.2"
        }
      },
      "Testcontainers": {
        "type": "Transitive",
        "resolved": "4.11.0",
        "contentHash": "9pBNaK9Ra3GVnr5h6gaDJOBH0txA5G3Juho5WANPuyu38l5xyr2lCvf11oA5/uSd+Lh4Wtng34nKp3nMiea02g==",
        "dependencies": {
          "Docker.DotNet.Enhanced": "3.131.1",
          "Docker.DotNet.Enhanced.X509": "3.131.1",
          "SSH.NET": "2025.1.0",
          "SharpZipLib": "1.4.2"
        }
      },
      "TimeZoneConverter": {
        "type": "Transitive",
        "resolved": "7.2.0",
        "contentHash": "4Poqu79dTmacVETqUJ53g3x4U21V/cmWPSlehdsVE4Q00akavvlRq+SRjcg/CmfO9ibOCjRl6TeUV7hkC5RC4w=="
      },
      "xunit.analyzers": {
        "type": "Transitive",
        "resolved": "1.27.0",
        "contentHash": "y/pxIQaLvk/kxAoDkZW9GnHLCEqzwl5TW0vtX3pweyQpjizB9y3DXhb9pkw2dGeUqhLjsxvvJM1k89JowU6z3g=="
      },
      "xunit.v3.assert": {
        "type": "Transitive",
        "resolved": "3.2.2",
        "contentHash": "BPciBghgEEaJN/JG00QfCYDfEfnLgQhfnYEy+j1izoeHVNYd5+3Wm8GJ6JgYysOhpBPYGE+sbf75JtrRc7jrdA=="
      },
      "xunit.v3.common": {
        "type": "Transitive",
        "resolved": "3.2.2",
        "contentHash": "Hj775PEH6GTbbg0wfKRvG2hNspDCvTH9irXhH4qIWgdrOSV1sQlqPie+DOvFeigsFg2fxSM3ZAaaCDQs+KreFA==",
        "dependencies": {
          "Microsoft.Bcl.AsyncInterfaces": "6.0.0"
        }
      },
      "xunit.v3.core.mtp-v2": {
        "type": "Transitive",
        "resolved": "3.2.2",
        "contentHash": "zW82tdCm+T1uUD1JKE+SmhgMq8nCAvcFPRLIVEiRgaxBSjcyJEKopLU3bHGOa416q+N3Dz7m1zLoPR5VJ5OQ+Q==",
        "dependencies": {
          "Microsoft.Testing.Extensions.Telemetry": "2.0.2",
          "Microsoft.Testing.Extensions.TrxReport.Abstractions": "2.0.2",
          "Microsoft.Testing.Platform": "2.0.2",
          "Microsoft.Testing.Platform.MSBuild": "2.0.2",
          "xunit.v3.extensibility.core": "[3.2.2]",
          "xunit.v3.runner.inproc.console": "[3.2.2]"
        }
      },
      "xunit.v3.extensibility.core": {
        "type": "Transitive",
        "resolved": "3.2.2",
        "contentHash": "srY8z/oMPvh/t8axtO2DwrHajhFMH7tnqKildvYrVQIfICi8fOn3yIBWkVPAcrKmHMwvXRJ/XsQM3VMR6DOYfQ==",
        "dependencies": {
          "xunit.v3.common": "[3.2.2]"
        }
      },
      "xunit.v3.runner.common": {
        "type": "Transitive",
        "resolved": "3.2.2",
        "contentHash": "/hkHkQCzGrugelOAehprm7RIWdsUFVmIVaD6jDH/8DNGCymTlKKPTbGokD5czbAfqfex47mBP0sb0zbHYwrO/g==",
        "dependencies": {
          "Microsoft.Win32.Registry": "[5.0.0]",
          "xunit.v3.common": "[3.2.2]"
        }
      },
      "xunit.v3.runner.inproc.console": {
        "type": "Transitive",
        "resolved": "3.2.2",
        "contentHash": "ulWOdSvCk+bPXijJZ73bth9NyoOHsAs1ZOvamYbCkD4DNLX/Bd29Ve2ZNUwBbK0MqfIYWXHZViy/HKrdEC/izw==",
        "dependencies": {
          "xunit.v3.extensibility.core": "[3.2.2]",
          "xunit.v3.runner.common": "[3.2.2]"
        }
      },
      "albuskavaliro.tempmaise.mailer": {
        "type": "Project",
        "dependencies": {
          "AlbusKavaliro.TempMaiSe.Models": "[3.1.3, )",
          "Fluid.Core": "[2.31.0, )",
          "Newtonsoft.Json": "[13.0.4, )",
          "Newtonsoft.Json.Schema": "[4.0.1, )",
          "OneOf": "[3.0.271, )",
          "jcamp.FluentEmail.Core": "[4.0.0, )"
        }
      },
      "albuskavaliro.tempmaise.models": {
        "type": "Project"
      },
      "Fluid.Core": {
        "type": "CentralTransitive",
        "requested": "[2.31.0, )",
        "resolved": "2.31.0",
        "contentHash": "HowYbawChrOQLgbezHp/pKY3TUdkNwrpz4CE9z2QHvx4769JXP5IjurpoPGFfz+73RcxxC04niukIXjygAYIzw==",
        "dependencies": {
          "Parlot": "1.5.2",
          "TimeZoneConverter": "7.2.0"
        }
      },
      "jcamp.FluentEmail.Core": {
        "type": "CentralTransitive",
        "requested": "[4.0.0, )",
        "resolved": "4.0.0",
        "contentHash": "iwRyGXCRCTtlPbJnq29lY56y3XqcHz4Z01yOlAXIQblOtkS/MYOCt6jp7RuJ8HyO60u1NFZcEQA9SjAJKVGuPw=="
      },
      "Microsoft.EntityFrameworkCore": {
        "type": "CentralTransitive",
        "requested": "[10.0.8, )",
        "resolved": "10.0.8",
        "contentHash": "EJx+fIBMgBlgD+ublKCn+GTOJkw3UqV7xOjYWBRVdUYyIm8UfvAsmSOPFiIInsWTHyMEYUJ9gCJY1jwX+6UB7w==",
        "dependencies": {
          "Microsoft.EntityFrameworkCore.Abstractions": "10.0.8",
          "Microsoft.EntityFrameworkCore.Analyzers": "10.0.8"
        }
      },
      "Newtonsoft.Json": {
        "type": "CentralTransitive",
        "requested": "[13.0.4, )",
        "resolved": "13.0.4",
        "contentHash": "pdgNNMai3zv51W5aq268sujXUyx7SNdE2bj1wZcWjAQrKMFZV260lbqYop1d2GM67JI1huLRwxo9ZqnfF/lC6A=="
      },
      "Newtonsoft.Json.Schema": {
        "type": "CentralTransitive",
        "requested": "[4.0.1, )",
        "resolved": "4.0.1",
        "contentHash": "rbHUKp5WTIbqmLEeJ21nTTDGcfR0LA7bVMzm0bYc3yx6NFKiCIHzzvYbwA4Sqgs7+wNldc5nBlkbithWj8IZig==",
        "dependencies": {
          "Newtonsoft.Json": "13.0.3"
        }
      },
      "OneOf": {
        "type": "CentralTransitive",
        "requested": "[3.0.271, )",
        "resolved": "3.0.271",
        "contentHash": "pqpqeK8xQGggExhr4tesVgJkjdn+9HQAO0QgrYV2hFjE3y90okzk1kQMntMiUOGfV7FrCUfKPaVvPBD4IANqKg=="
      }
    },
    "net9.0": {
      "coverlet.MTP": {
        "type": "Direct",
        "requested": "[10.0.1, )",
        "resolved": "10.0.1",
        "contentHash": "VR4/Y0Arr8cdIKhYE5dZCI2XU1ShCHZEAgm+LjokTThl1vzy9scqq8NDLETok5AchMTtsUQqcAU81N1cgHUclg==",
        "dependencies": {
          "Microsoft.Extensions.Configuration": "10.0.8",
          "Microsoft.Extensions.Configuration.Json": "10.0.8",
          "Microsoft.Extensions.DependencyInjection": "10.0.8",
          "Microsoft.Testing.Platform": "2.2.2"
        }
      },
      "Microsoft.AspNetCore.Mvc.Testing": {
        "type": "Direct",
        "requested": "[9.0.16, )",
        "resolved": "9.0.16",
        "contentHash": "xd5iuaEdWYaUQ1ZgSea7aZbUMHyMX7lZXCCx7wZJPwDzgAw1j8z1S+rejvzmvwSKKGR8WV9/+rQ4LkAbo03YQQ==",
        "dependencies": {
          "Microsoft.AspNetCore.TestHost": "9.0.16",
          "Microsoft.Extensions.DependencyModel": "9.0.16"
        }
      },
      "Microsoft.EntityFrameworkCore.InMemory": {
        "type": "Direct",
        "requested": "[9.0.16, )",
        "resolved": "9.0.16",
        "contentHash": "XOkT370zmh7knjmz3qMl5yRzBF2yXhby1/Wkm+7zk05xvaWUQ+Tf2h7apX4gP/g8pYLJV5nCO92x++vJgULdKQ==",
        "dependencies": {
          "Microsoft.EntityFrameworkCore": "9.0.16"
        }
      },
      "Microsoft.NET.Test.Sdk": {
        "type": "Direct",
        "requested": "[18.5.1, )",
        "resolved": "18.5.1",
        "contentHash": "SfqVaLiIqAbRWuPg5BP4QFwBIirQj/YIL8Dhxl6zntBKbXp0cQykoV480SmwG+yRMiWptxEI6NbHQuGSZ8b97w==",
        "dependencies": {
          "Microsoft.CodeCoverage": "18.5.1",
          "Microsoft.TestPlatform.TestHost": "18.5.1"
        }
      },
      "Moq": {
        "type": "Direct",
        "requested": "[4.20.72, )",
        "resolved": "4.20.72",
        "contentHash": "EA55cjyNn8eTNWrgrdZJH5QLFp2L43oxl1tlkoYUKIE9pRwL784OWiTXeCV5ApS+AMYEAlt7Fo03A2XfouvHmQ==",
        "dependencies": {
          "Castle.Core": "5.1.1"
        }
      },
      "Testcontainers.Papercut": {
        "type": "Direct",
        "requested": "[4.11.0, )",
        "resolved": "4.11.0",
        "contentHash": "I0LM0w37+yUzPrJxbrZyxbtMY0hglIxtGJWDZroG8+riYE0BsIW1+xYGmHdMNsFTPv+HB16aglYUbL/xYTmy1Q==",
        "dependencies": {
          "Testcontainers": "4.11.0"
        }
      },
      "xunit.runner.visualstudio": {
        "type": "Direct",
        "requested": "[3.1.5, )",
        "resolved": "3.1.5",
        "contentHash": "tKi7dSTwP4m5m9eXPM2Ime4Kn7xNf4x4zT9sdLO/G4hZVnQCRiMTWoSZqI/pYTVeI27oPPqHBKYI/DjJ9GsYgA=="
      },
      "xunit.v3.mtp-v2": {
        "type": "Direct",
        "requested": "[3.2.2, )",
        "resolved": "3.2.2",
        "contentHash": "S0LJpeMIMrmbVLXDCvPVX47OLk28qBYfGU+5SNCbarOEdw8oKLfiVqaACwuYRvLiOqDEB/+VJ8gTSB1ZwheoOQ==",
        "dependencies": {
          "xunit.analyzers": "1.27.0",
          "xunit.v3.assert": "[3.2.2]",
          "xunit.v3.core.mtp-v2": "[3.2.2]"
        }
      },
      "BouncyCastle.Cryptography": {
        "type": "Transitive",
        "resolved": "2.6.2",
        "contentHash": "7oWOcvnntmMKNzDLsdxAYqApt+AjpRpP2CShjMfIa3umZ42UQMvH0tl1qAliYPNYO6vTdcGMqnRrCPmsfzTI1w=="
      },
      "Castle.Core": {
        "type": "Transitive",
        "resolved": "5.1.1",
        "contentHash": "rpYtIczkzGpf+EkZgDr9CClTdemhsrwA/W5hMoPjLkRFnXzH44zDLoovXeKtmxb1ykXK9aJVODSpiJml8CTw2g=="
      },
      "Docker.DotNet.Enhanced": {
        "type": "Transitive",
        "resolved": "3.131.1",
        "contentHash": "hGLHCNUsQbT2Ab/HUznRnNqYZQs40zInXa3eLwYjeNyfUYbw1pqqDGqcOLl5uGepS8IuigEYakEdAcVT/2ezYg=="
      },
      "Docker.DotNet.Enhanced.X509": {
        "type": "Transitive",
        "resolved": "3.131.1",
        "contentHash": "8FU7zmttFQzp0xb0EPupxQ0nGtC2cTpukgh3jMxMT8luj5TSDyzIKTnroDpXCjpg9P2fV+6JIvC+IetsMEfyBA==",
        "dependencies": {
          "Docker.DotNet.Enhanced": "3.131.1"
        }
      },
      "Microsoft.ApplicationInsights": {
        "type": "Transitive",
        "resolved": "2.23.0",
        "contentHash": "nWArUZTdU7iqZLycLKWe0TDms48KKGE6pONH2terYNa8REXiqixrMOkf1sk5DHGMaUTqONU2YkS4SAXBhLStgw=="
      },
      "Microsoft.AspNetCore.TestHost": {
        "type": "Transitive",
        "resolved": "9.0.16",
        "contentHash": "b57L8gFplki+q8HL8hP9f0XKbuWwBJATVwoR6YvDJSlIUtIuhWQJhDzjX6wMbEBapwhD6bP7PmkwTj4nu8UMKg=="
      },
      "Microsoft.Bcl.AsyncInterfaces": {
        "type": "Transitive",
        "resolved": "6.0.0",
        "contentHash": "UcSjPsst+DfAdJGVDsu346FX0ci0ah+lw3WRtn18NUwEqRt70HaOQ7lI72vy3+1LxtqI3T5GWwV39rQSrCzAeg=="
      },
      "Microsoft.CodeCoverage": {
        "type": "Transitive",
        "resolved": "18.5.1",
        "contentHash": "vMFDR1ZjqzzgKmM0zrPie7Gv9Y+ZppjODB5Quzu9Eq0TlIusUfUCYFPEawO91zQuqwzvdFbJSU7WHNtjStffJQ=="
      },
      "Microsoft.EntityFrameworkCore.Abstractions": {
        "type": "Transitive",
        "resolved": "9.0.16",
        "contentHash": "t99MjhkXfbVajhe6nPepv4ZP5Qcpj4bgwmv2tNzvKr1NF1J+MRe7tulFHknhOazhUatH+shK/B7/NheiwdYh3A=="
      },
      "Microsoft.EntityFrameworkCore.Analyzers": {
        "type": "Transitive",
        "resolved": "9.0.16",
        "contentHash": "0Kf89oM4aVocoVflsLa/tN7qpX7M5Fg6L6d2H0ZlIil8SFNpG0NmC3bnidAa2690qg2lQwswueiZA0Fl7QAeVw=="
      },
      "Microsoft.Extensions.Configuration": {
        "type": "Transitive",
        "resolved": "10.0.8",
        "contentHash": "ehZcoPbjzWzS4XFvuz7R3V55SmpdkyMqFURLH3yXaN9NtXd9tR6CGB7pd49HYtCkenl+G7ctXSFLhNI08xLfRg==",
        "dependencies": {
          "Microsoft.Extensions.Configuration.Abstractions": "10.0.8",
          "Microsoft.Extensions.Primitives": "10.0.8"
        }
      },
      "Microsoft.Extensions.Configuration.Abstractions": {
        "type": "Transitive",
        "resolved": "10.0.8",
        "contentHash": "I63esIFbL3h5pSt7gXpXOlmcwDmYBUoYNEglKfDPFUqtYvSV84f2l28hO2lfVXsV0wdlplgAM7IVz16matapSg==",
        "dependencies": {
          "Microsoft.Extensions.Primitives": "10.0.8"
        }
      },
      "Microsoft.Extensions.Configuration.FileExtensions": {
        "type": "Transitive",
        "resolved": "10.0.8",
        "contentHash": "1g9mzuu8gIHkjYb0jLxOTQVl/QDG5nn0b0JzgT/gbgNKr6gXZzxOHRAsdYRc1eDApB7LdHR8uK5vQrNjIQdRrQ==",
        "dependencies": {
          "Microsoft.Extensions.Configuration": "10.0.8",
          "Microsoft.Extensions.Configuration.Abstractions": "10.0.8",
          "Microsoft.Extensions.FileProviders.Abstractions": "10.0.8",
          "Microsoft.Extensions.FileProviders.Physical": "10.0.8",
          "Microsoft.Extensions.Primitives": "10.0.8"
        }
      },
      "Microsoft.Extensions.Configuration.Json": {
        "type": "Transitive",
        "resolved": "10.0.8",
        "contentHash": "KLtAZ6A38s1pIfCO2ns6aG14NNGMYNZ4PBYfFK4M+R4A+xuSc6oklhqDcpHZxvDpyBWeFtR5C8iQBw2ng8tUHQ==",
        "dependencies": {
          "Microsoft.Extensions.Configuration": "10.0.8",
          "Microsoft.Extensions.Configuration.Abstractions": "10.0.8",
          "Microsoft.Extensions.Configuration.FileExtensions": "10.0.8",
          "Microsoft.Extensions.FileProviders.Abstractions": "10.0.8",
          "System.Text.Json": "10.0.8"
        }
      },
      "Microsoft.Extensions.DependencyInjection": {
        "type": "Transitive",
        "resolved": "10.0.8",
        "contentHash": "daf62xHIrq8pnE709hgaZZN9tSam9TGGepWe1+bE6V3GEuVwJiMs6ib+38lfMCyAJAHiX0vapxBhsuMSV7U+cg==",
        "dependencies": {
          "Microsoft.Extensions.DependencyInjection.Abstractions": "10.0.8"
        }
      },
      "Microsoft.Extensions.DependencyInjection.Abstractions": {
        "type": "Transitive",
        "resolved": "10.0.8",
        "contentHash": "21nbDV60SRPWGIivsyl6lqBeEJNG1sginhhfWgRrr3Ais7aQ12To25OAHQxgoiJkjqy1aQ6RxpZBGYuTi7Ge6A=="
      },
      "Microsoft.Extensions.DependencyModel": {
        "type": "Transitive",
        "resolved": "9.0.16",
        "contentHash": "/5Jr465g6szaY2FGh87Bl+lW0s24FLhHQwzcS+E8vsW4qrJEKUbr8ofZ4EJfsbRxGYeIfHUqSPv16zfW4dW58A=="
      },
      "Microsoft.Extensions.FileProviders.Abstractions": {
        "type": "Transitive",
        "resolved": "10.0.8",
        "contentHash": "U+oquaPxFdY8lYeEIWO/AD7jDIl9sPW6aVWMQRHU/pZ/SWpLcOrAj2fcLe1HwXl4sYw1ONI56K/eELT3xr4RRQ==",
        "dependencies": {
          "Microsoft.Extensions.Primitives": "10.0.8"
        }
      },
      "Microsoft.Extensions.FileProviders.Physical": {
        "type": "Transitive",
        "resolved": "10.0.8",
        "contentHash": "GkPvQe6IdidLu6Q3Lw6+B8NJpW8feW8czZ5mBKt5rXM/x8MvZfEp5WvAsjznzDGd23chIDrW0b2mmt+ScnEgiw==",
        "dependencies": {
          "Microsoft.Extensions.FileProviders.Abstractions": "10.0.8",
          "Microsoft.Extensions.FileSystemGlobbing": "10.0.8",
          "Microsoft.Extensions.Primitives": "10.0.8"
        }
      },
      "Microsoft.Extensions.FileSystemGlobbing": {
        "type": "Transitive",
        "resolved": "10.0.8",
        "contentHash": "IUQet3SY51xIFcFZKtAB6a54/Zdxs7T3SQ84kJtOD6yeXfZgiOMksACWD5qtTmXGQGFH4QYGBOT0KIO8Uy/dJw=="
      },
      "Microsoft.Extensions.Primitives": {
        "type": "Transitive",
        "resolved": "10.0.8",
        "contentHash": "OBPo4nYhMyIbtueoC10CBm6AGAbo/A9IV8QQ/6ryZS7VvmqpGT7hunazeHLxFawRzn3oLOq4jhqhpBX4tfswWQ=="
      },
      "Microsoft.Testing.Extensions.Telemetry": {
        "type": "Transitive",
        "resolved": "2.0.2",
        "contentHash": "H580BvHyuADoWzlH9zRk5fqVyGucm6mhph+k40CQc9O4ie+Buxa4Pk9Q92BEClqIICqi25J7fuMII9qFYYgKtw==",
        "dependencies": {
          "Microsoft.ApplicationInsights": "2.23.0",
          "Microsoft.Testing.Platform": "2.0.2"
        }
      },
      "Microsoft.Testing.Extensions.TrxReport.Abstractions": {
        "type": "Transitive",
        "resolved": "2.0.2",
        "contentHash": "MrHYdPZ1CiyYp5bfjzNSghfVwl/I9osMazcZMAbwZY0BhR32i70YLf4zSXECvU2qt2PvDdrjYpGRgBscFbjDpw==",
        "dependencies": {
          "Microsoft.Testing.Platform": "2.0.2"
        }
      },
      "Microsoft.Testing.Platform": {
        "type": "Transitive",
        "resolved": "2.2.2",
        "contentHash": "9mUsTOri0aVqBX7/EJwqVJxVwdOzGUVJqK1H2EMfIl9xxJuSdqhfAlJbukl/iNugvi4+cmQs/LI8PLTDUT9P1A=="
      },
      "Microsoft.Testing.Platform.MSBuild": {
        "type": "Transitive",
        "resolved": "2.0.2",
        "contentHash": "2zKkQKaUoaKgb/3AekboWOdLMh4upCo1nLWQnjGzp8r9YjiNOZRrzTsJQ3A4U03AcbH0evlIvFDKYSUqmTVuug==",
        "dependencies": {
          "Microsoft.Testing.Platform": "2.0.2"
        }
      },
      "Microsoft.TestPlatform.ObjectModel": {
        "type": "Transitive",
        "resolved": "18.5.1",
        "contentHash": "KNZd+M0S0rz5eNAln0pbZX+A/RbokYZCbGKx4fN4CkhtWhkz6nSJDO+9LGYjRE4d0WPVriJ2JnVubkjt3+PpMg=="
      },
      "Microsoft.TestPlatform.TestHost": {
        "type": "Transitive",
        "resolved": "18.5.1",
        "contentHash": "RM+3JNHEoHOCFXzVntUcIiYxzPjzBN0N8wto6HYXi76YyBTZ/3CeRL8U+Pk5zx3AUrOmHxDvKJwGUCdElU9bJg==",
        "dependencies": {
          "Microsoft.TestPlatform.ObjectModel": "18.5.1",
          "Newtonsoft.Json": "13.0.3"
        }
      },
      "Microsoft.Win32.Registry": {
        "type": "Transitive",
        "resolved": "5.0.0",
        "contentHash": "dDoKi0PnDz31yAyETfRntsLArTlVAVzUzCIvvEDsDsucrl33Dl8pIJG06ePTJTI3tGpeyHS9Cq7Foc/s4EeKcg=="
      },
      "Parlot": {
        "type": "Transitive",
        "resolved": "1.5.2",
        "contentHash": "idEOR6WU8WvnaDhFcj9PkWv8r/Actca8KfV9kw94//QEC0iQJVB9w/Z4ZLY8LxwSVMuNPuuLB649kCcVb+HrLw=="
      },
      "SharpZipLib": {
        "type": "Transitive",
        "resolved": "1.4.2",
        "contentHash": "yjj+3zgz8zgXpiiC3ZdF/iyTBbz2fFvMxZFEBPUcwZjIvXOf37Ylm+K58hqMfIBt5JgU/Z2uoUS67JmTLe973A=="
      },
      "SSH.NET": {
        "type": "Transitive",
        "resolved": "2025.1.0",
        "contentHash": "jrnbtf0ItVaXAe6jE8X/kSLa6uC+0C+7W1vepcnRQB/rD88qy4IxG7Lf1FIbWmkoc4iVXv0pKrz+Wc6J4ngmHw==",
        "dependencies": {
          "BouncyCastle.Cryptography": "2.6.2"
        }
      },
      "System.IO.Pipelines": {
        "type": "Transitive",
        "resolved": "10.0.8",
        "contentHash": "STVNTIVd+UrYvSo31D2tOOTs19IThdjGDN14FS3/NZb4PWsVakAg/VT4sq+JYWGP/GtazzvXwebWL6LPBAwnFQ=="
      },
      "System.Text.Encodings.Web": {
        "type": "Transitive",
        "resolved": "10.0.8",
        "contentHash": "HvFIJXM/CMTRu6PBQmjukQZ/O32Vx5fOEYZs0kq0OD5s9vJQ19KHLWCVmnfh3gNC7pbYomm06tzOTgJBflr/nQ=="
      },
      "System.Text.Json": {
        "type": "Transitive",
        "resolved": "10.0.8",
        "contentHash": "/fysUDkD7oFGaRPoA7IaFs0wRoO3GlwlCNq2P+xWZqxLy1R4cktRSKfMjJDy9ymS4grL7IDVdt8de8L9a0z55Q==",
        "dependencies": {
          "System.IO.Pipelines": "10.0.8",
          "System.Text.Encodings.Web": "10.0.8"
        }
      },
      "Testcontainers": {
        "type": "Transitive",
        "resolved": "4.11.0",
        "contentHash": "9pBNaK9Ra3GVnr5h6gaDJOBH0txA5G3Juho5WANPuyu38l5xyr2lCvf11oA5/uSd+Lh4Wtng34nKp3nMiea02g==",
        "dependencies": {
          "Docker.DotNet.Enhanced": "3.131.1",
          "Docker.DotNet.Enhanced.X509": "3.131.1",
          "SSH.NET": "2025.1.0",
          "SharpZipLib": "1.4.2"
        }
      },
      "TimeZoneConverter": {
        "type": "Transitive",
        "resolved": "7.2.0",
        "contentHash": "4Poqu79dTmacVETqUJ53g3x4U21V/cmWPSlehdsVE4Q00akavvlRq+SRjcg/CmfO9ibOCjRl6TeUV7hkC5RC4w=="
      },
      "xunit.analyzers": {
        "type": "Transitive",
        "resolved": "1.27.0",
        "contentHash": "y/pxIQaLvk/kxAoDkZW9GnHLCEqzwl5TW0vtX3pweyQpjizB9y3DXhb9pkw2dGeUqhLjsxvvJM1k89JowU6z3g=="
      },
      "xunit.v3.assert": {
        "type": "Transitive",
        "resolved": "3.2.2",
        "contentHash": "BPciBghgEEaJN/JG00QfCYDfEfnLgQhfnYEy+j1izoeHVNYd5+3Wm8GJ6JgYysOhpBPYGE+sbf75JtrRc7jrdA=="
      },
      "xunit.v3.common": {
        "type": "Transitive",
        "resolved": "3.2.2",
        "contentHash": "Hj775PEH6GTbbg0wfKRvG2hNspDCvTH9irXhH4qIWgdrOSV1sQlqPie+DOvFeigsFg2fxSM3ZAaaCDQs+KreFA==",
        "dependencies": {
          "Microsoft.Bcl.AsyncInterfaces": "6.0.0"
        }
      },
      "xunit.v3.core.mtp-v2": {
        "type": "Transitive",
        "resolved": "3.2.2",
        "contentHash": "zW82tdCm+T1uUD1JKE+SmhgMq8nCAvcFPRLIVEiRgaxBSjcyJEKopLU3bHGOa416q+N3Dz7m1zLoPR5VJ5OQ+Q==",
        "dependencies": {
          "Microsoft.Testing.Extensions.Telemetry": "2.0.2",
          "Microsoft.Testing.Extensions.TrxReport.Abstractions": "2.0.2",
          "Microsoft.Testing.Platform": "2.0.2",
          "Microsoft.Testing.Platform.MSBuild": "2.0.2",
          "xunit.v3.extensibility.core": "[3.2.2]",
          "xunit.v3.runner.inproc.console": "[3.2.2]"
        }
      },
      "xunit.v3.extensibility.core": {
        "type": "Transitive",
        "resolved": "3.2.2",
        "contentHash": "srY8z/oMPvh/t8axtO2DwrHajhFMH7tnqKildvYrVQIfICi8fOn3yIBWkVPAcrKmHMwvXRJ/XsQM3VMR6DOYfQ==",
        "dependencies": {
          "xunit.v3.common": "[3.2.2]"
        }
      },
      "xunit.v3.runner.common": {
        "type": "Transitive",
        "resolved": "3.2.2",
        "contentHash": "/hkHkQCzGrugelOAehprm7RIWdsUFVmIVaD6jDH/8DNGCymTlKKPTbGokD5czbAfqfex47mBP0sb0zbHYwrO/g==",
        "dependencies": {
          "Microsoft.Win32.Registry": "[5.0.0]",
          "xunit.v3.common": "[3.2.2]"
        }
      },
      "xunit.v3.runner.inproc.console": {
        "type": "Transitive",
        "resolved": "3.2.2",
        "contentHash": "ulWOdSvCk+bPXijJZ73bth9NyoOHsAs1ZOvamYbCkD4DNLX/Bd29Ve2ZNUwBbK0MqfIYWXHZViy/HKrdEC/izw==",
        "dependencies": {
          "xunit.v3.extensibility.core": "[3.2.2]",
          "xunit.v3.runner.common": "[3.2.2]"
        }
      },
      "albuskavaliro.tempmaise.mailer": {
        "type": "Project",
        "dependencies": {
          "AlbusKavaliro.TempMaiSe.Models": "[3.1.3, )",
          "Fluid.Core": "[2.31.0, )",
          "Newtonsoft.Json": "[13.0.4, )",
          "Newtonsoft.Json.Schema": "[4.0.1, )",
          "OneOf": "[3.0.271, )",
          "jcamp.FluentEmail.Core": "[4.0.0, )"
        }
      },
      "albuskavaliro.tempmaise.models": {
        "type": "Project"
      },
      "Fluid.Core": {
        "type": "CentralTransitive",
        "requested": "[2.31.0, )",
        "resolved": "2.31.0",
        "contentHash": "HowYbawChrOQLgbezHp/pKY3TUdkNwrpz4CE9z2QHvx4769JXP5IjurpoPGFfz+73RcxxC04niukIXjygAYIzw==",
        "dependencies": {
          "Parlot": "1.5.2",
          "TimeZoneConverter": "7.2.0"
        }
      },
      "jcamp.FluentEmail.Core": {
        "type": "CentralTransitive",
        "requested": "[4.0.0, )",
        "resolved": "4.0.0",
        "contentHash": "iwRyGXCRCTtlPbJnq29lY56y3XqcHz4Z01yOlAXIQblOtkS/MYOCt6jp7RuJ8HyO60u1NFZcEQA9SjAJKVGuPw=="
      },
      "Microsoft.EntityFrameworkCore": {
        "type": "CentralTransitive",
        "requested": "[9.0.16, )",
        "resolved": "9.0.16",
        "contentHash": "vNtlfSJu4dQy3iMBib654PrhoZFOEoy8smSNQyrvhDXhKObiRG/sP50831hUXCNhNWNYZHHHCOknys/m+Rgkog==",
        "dependencies": {
          "Microsoft.EntityFrameworkCore.Abstractions": "9.0.16",
          "Microsoft.EntityFrameworkCore.Analyzers": "9.0.16"
        }
      },
      "Newtonsoft.Json": {
        "type": "CentralTransitive",
        "requested": "[13.0.4, )",
        "resolved": "13.0.4",
        "contentHash": "pdgNNMai3zv51W5aq268sujXUyx7SNdE2bj1wZcWjAQrKMFZV260lbqYop1d2GM67JI1huLRwxo9ZqnfF/lC6A=="
      },
      "Newtonsoft.Json.Schema": {
        "type": "CentralTransitive",
        "requested": "[4.0.1, )",
        "resolved": "4.0.1",
        "contentHash": "rbHUKp5WTIbqmLEeJ21nTTDGcfR0LA7bVMzm0bYc3yx6NFKiCIHzzvYbwA4Sqgs7+wNldc5nBlkbithWj8IZig==",
        "dependencies": {
          "Newtonsoft.Json": "13.0.3"
        }
      },
      "OneOf": {
        "type": "CentralTransitive",
        "requested": "[3.0.271, )",
        "resolved": "3.0.271",
        "contentHash": "pqpqeK8xQGggExhr4tesVgJkjdn+9HQAO0QgrYV2hFjE3y90okzk1kQMntMiUOGfV7FrCUfKPaVvPBD4IANqKg=="
      }
    }
  }
}